github.com/Kagami/go-face v0.0.0-20191005110546-01156987f993 h1:F/yo0o+tus3kmU2GdHAuLVPKfhRDIR/sWOl02+H+uX8=
github.com/Kagami/go-face v0.0.0-20191005110546-01156987f993/go.mod h1:6V3Zb/7DyezDSai6K1gDrTtN02RpvIFzQBHUEDAcjNI=
github.com/tensorflow/tensorflow v2.1.0+incompatible h1:piL4AzfPuv67+gbsKo2IhIecCe4ILpN0294O8ZrxneI=
github.com/tensorflow/tensorflow v2.1.0+incompatible/go.mod h1:itOSERT4trABok4UOoG+X4BoKds9F3rIsySdn+Lvu90=
